
Microsoft Visual Studio Solution File, Format Version 12.00
# Visual Studio Version 16
VisualStudioVersion = 16.0.29418.71
MinimumVisualStudioVersion = 10.0.40219.1
Project("{FAE04EC0-301F-11D3-BF4B-00C04F79EFBC}") = "QSharpTest", "QSharpTest.csproj", "{EFBB06FF-9E15-4361-86A3-9B20E6166074}"
EndProject
Global
	GlobalSection(SolutionConfigurationPlatforms) = preSolution
		Debug|Any CPU = Debug|Any CPU
		Release|Any CPU = Release|Any CPU
	EndGlobalSection
	GlobalSection(ProjectConfigurationPlatforms) = postSolution
		{EFBB06FF-9E15-4361-86A3-9B20E6166074}.Debug|Any CPU.ActiveCfg = Debug|Any CPU
		{EFBB06FF-9E15-4361-86A3-9B20E6166074}.Debug|Any CPU.Build.0 = Debug|Any CPU
		{EFBB06FF-9E15-4361-86A3-9B20E6166074}.Release|Any CPU.ActiveCfg = Release|Any CPU
		{EFBB06FF-9E15-4361-86A3-9B20E6166074}.Release|Any CPU.Build.0 = Release|Any CPU
	EndGlobalSection
	GlobalSection(SolutionProperties) = preSolution
		HideSolutionNode = FALSE
	EndGlobalSection
	GlobalSection(ExtensibilityGlobals) = postSolution
		SolutionGuid = {3B118D7A-3D20-4AB8-B7FE-364E954621C1}
	EndGlobalSection
EndGlobal
